
Microsoft Visual Studio Solution File, Format Version 12.00
# Visual Studio 15
VisualStudioVersion = 15.0.27130.2027
MinimumVisualStudioVersion = 10.0.40219.1
Project("{FAE04EC0-301F-11D3-BF4B-00C04F79EFBC}") = "Hearts", "Hearts\Hearts.csproj", "{E889AAB5-4C33-49AB-87B5-7E5B721436C0}"
EndProject
Global
	GlobalSection(SolutionConfigurationPlatforms) = preSolution
		Debug|Any CPU = Debug|Any CPU
		Release|Any CPU = Release|Any CPU
	EndGlobalSection
	GlobalSection(ProjectConfigurationPlatforms) = postSolution
		{E889AAB5-4C33-49AB-87B5-7E5B721436C0}.Debug|Any CPU.ActiveCfg = Debug|Any CPU
		{E889AAB5-4C33-49AB-87B5-7E5B721436C0}.Debug|Any CPU.Build.0 = Debug|Any CPU
		{E889AAB5-4C33-49AB-87B5-7E5B721436C0}.Release|Any CPU.ActiveCfg = Release|Any CPU
		{E889AAB5-4C33-49AB-87B5-7E5B721436C0}.Release|Any CPU.Build.0 = Release|Any CPU
	EndGlobalSection
	GlobalSection(SolutionProperties) = preSolution
		HideSolutionNode = FALSE
	EndGlobalSection
	GlobalSection(ExtensibilityGlobals) = postSolution
		SolutionGuid = {CCD593C8-21DF-41A7-8B19-D55667D9985F}
	EndGlobalSection
EndGlobal
